
Microsoft Visual Studio Solution File, Format Version 12.00
# Visual Studio 15
VisualStudioVersion = 15.0.26730.12
MinimumVisualStudioVersion = 10.0.40219.1
Project("{9A19103F-16F7-4668-BE54-9A1E7A4F7556}") = "Herd", "Herd.csproj", "{ACCEB330-CC1F-459D-BCD0-3591C9B1A376}"
EndProject
Global
	GlobalSection(SolutionConfigurationPlatforms) = preSolution
		Debug|Any CPU = Debug|Any CPU
		Release|Any CPU = Release|Any CPU
	EndGlobalSection
	GlobalSection(ProjectConfigurationPlatforms) = postSolution
		{ACCEB330-CC1F-459D-BCD0-3591C9B1A376}.Debug|Any CPU.ActiveCfg = Debug|Any CPU
		{ACCEB330-CC1F-459D-BCD0-3591C9B1A376}.Debug|Any CPU.Build.0 = Debug|Any CPU
		{ACCEB330-CC1F-459D-BCD0-3591C9B1A376}.Release|Any CPU.ActiveCfg = Release|Any CPU
		{ACCEB330-CC1F-459D-BCD0-3591C9B1A376}.Release|Any CPU.Build.0 = Release|Any CPU
	EndGlobalSection
	GlobalSection(SolutionProperties) = preSolution
		HideSolutionNode = FALSE
	EndGlobalSection
	GlobalSection(ExtensibilityGlobals) = postSolution
		SolutionGuid = {4634100B-E83C-440D-9237-063294B862D0}
	EndGlobalSection
EndGlobal
